
Microsoft Visual Studio Solution File, Format Version 12.00
# Visual Studio Version 16
VisualStudioVersion = 16.0.30128.74
MinimumVisualStudioVersion = 10.0.40219.1
Project("{FAE04EC0-301F-11D3-BF4B-00C04F79EFBC}") = "microservice", "microservice\microservice.csproj", "{48179A30-D2A0-49B2-BA78-CF55973A56E5}"
EndProject
Global
	GlobalSection(SolutionConfigurationPlatforms) = preSolution
		Debug|Any CPU = Debug|Any CPU
		Release|Any CPU = Release|Any CPU
	EndGlobalSection
	GlobalSection(ProjectConfigurationPlatforms) = postSolution
		{48179A30-D2A0-49B2-BA78-CF55973A56E5}.Debug|Any CPU.ActiveCfg = Debug|Any CPU
		{48179A30-D2A0-49B2-BA78-CF55973A56E5}.Debug|Any CPU.Build.0 = Debug|Any CPU
		{48179A30-D2A0-49B2-BA78-CF55973A56E5}.Release|Any CPU.ActiveCfg = Release|Any CPU
		{48179A30-D2A0-49B2-BA78-CF55973A56E5}.Release|Any CPU.Build.0 = Release|Any CPU
	EndGlobalSection
	GlobalSection(SolutionProperties) = preSolution
		HideSolutionNode = FALSE
	EndGlobalSection
	GlobalSection(ExtensibilityGlobals) = postSolution
		SolutionGuid = {89B6FC07-B561-4871-802A-95964B471CE4}
	EndGlobalSection
EndGlobal
